
Microsoft Visual Studio Solution File, Format Version 12.00
# Visual Studio 14
VisualStudioVersion = 14.0.25420.1
MinimumVisualStudioVersion = 10.0.40219.1
Project("{FAE04EC0-301F-11D3-BF4B-00C04F79EFBC}") = "TestReactTs", "TestReactTs\TestReactTs.csproj", "{88619CB8-F3CC-4608-BF9C-31AF9997277D}"
EndProject
Global
	GlobalSection(SolutionConfigurationPlatforms) = preSolution
		Debug|Any CPU = Debug|Any CPU
		Release|Any CPU = Release|Any CPU
	EndGlobalSection
	GlobalSection(ProjectConfigurationPlatforms) = postSolution
		{88619CB8-F3CC-4608-BF9C-31AF9997277D}.Debug|Any CPU.ActiveCfg = Debug|Any CPU
		{88619CB8-F3CC-4608-BF9C-31AF9997277D}.Debug|Any CPU.Build.0 = Debug|Any CPU
		{88619CB8-F3CC-4608-BF9C-31AF9997277D}.Release|Any CPU.ActiveCfg = Release|Any CPU
		{88619CB8-F3CC-4608-BF9C-31AF9997277D}.Release|Any CPU.Build.0 = Release|Any CPU
	EndGlobalSection
	GlobalSection(SolutionProperties) = preSolution
		HideSolutionNode = FALSE
	EndGlobalSection
EndGlobal
